
Microsoft Visual Studio Solution File, Format Version 12.00
# Visual Studio 15
VisualStudioVersion = 15.0.27004.2002
MinimumVisualStudioVersion = 10.0.40219.1
Project("{FAE04EC0-301F-11D3-BF4B-00C04F79EFBC}") = "resin", "resin\resin.csproj", "{82D32399-337F-4EC5-9041-2A18F6C8DA6A}"
EndProject
Project("{9A19103F-16F7-4668-BE54-9A1E7A4F7556}") = "Resin.Api.Client", "Resin.Api.Client\Resin.Api.Client.csproj", "{4E1C3946-C0E9-401D-9E0A-A6454320309A}"
EndProject
Global
	GlobalSection(SolutionConfigurationPlatforms) = preSolution
		Debug|Any CPU = Debug|Any CPU
		Release|Any CPU = Release|Any CPU
	EndGlobalSection
	GlobalSection(ProjectConfigurationPlatforms) = postSolution
		{82D32399-337F-4EC5-9041-2A18F6C8DA6A}.Debug|Any CPU.ActiveCfg = Debug|Any CPU
		{82D32399-337F-4EC5-9041-2A18F6C8DA6A}.Debug|Any CPU.Build.0 = Debug|Any CPU
		{82D32399-337F-4EC5-9041-2A18F6C8DA6A}.Release|Any CPU.ActiveCfg = Release|Any CPU
		{82D32399-337F-4EC5-9041-2A18F6C8DA6A}.Release|Any CPU.Build.0 = Release|Any CPU
		{4E1C3946-C0E9-401D-9E0A-A6454320309A}.Debug|Any CPU.ActiveCfg = Debug|Any CPU
		{4E1C3946-C0E9-401D-9E0A-A6454320309A}.Debug|Any CPU.Build.0 = Debug|Any CPU
		{4E1C3946-C0E9-401D-9E0A-A6454320309A}.Release|Any CPU.ActiveCfg = Release|Any CPU
		{4E1C3946-C0E9-401D-9E0A-A6454320309A}.Release|Any CPU.Build.0 = Release|Any CPU
	EndGlobalSection
	GlobalSection(SolutionProperties) = preSolution
		HideSolutionNode = FALSE
	EndGlobalSection
	GlobalSection(ExtensibilityGlobals) = postSolution
		SolutionGuid = {D2C77AE4-E932-4E4A-BA0B-EDC782723F33}
	EndGlobalSection
EndGlobal
